
Microsoft Visual Studio Solution File, Format Version 12.00
# Visual Studio Version 17
VisualStudioVersion = 17.3.32811.315
MinimumVisualStudioVersion = 10.0.40219.1
Project("{8BC9CEB8-8B4A-11D0-8D11-00A0C91BC942}") = "Test1", "Test1\Test1.vcxproj", "{C7A65DEC-62B3-4347-A8C0-6E49EA3FEB8E}"
EndProject
Global
	GlobalSection(SolutionConfigurationPlatforms) = preSolution
		Debug|x64 = Debug|x64
		Debug|x86 = Debug|x86
		Release|x64 = Release|x64
		Release|x86 = Release|x86
	EndGlobalSection
	GlobalSection(ProjectConfigurationPlatforms) = postSolution
		{C7A65DEC-62B3-4347-A8C0-6E49EA3FEB8E}.Debug|x64.ActiveCfg = Debug|x64
		{C7A65DEC-62B3-4347-A8C0-6E49EA3FEB8E}.Debug|x64.Build.0 = Debug|x64
		{C7A65DEC-62B3-4347-A8C0-6E49EA3FEB8E}.Debug|x86.ActiveCfg = Debug|Win32
		{C7A65DEC-62B3-4347-A8C0-6E49EA3FEB8E}.Debug|x86.Build.0 = Debug|Win32
		{C7A65DEC-62B3-4347-A8C0-6E49EA3FEB8E}.Release|x64.ActiveCfg = Release|x64
		{C7A65DEC-62B3-4347-A8C0-6E49EA3FEB8E}.Release|x64.Build.0 = Release|x64
		{C7A65DEC-62B3-4347-A8C0-6E49EA3FEB8E}.Release|x86.ActiveCfg = Release|Win32
		{C7A65DEC-62B3-4347-A8C0-6E49EA3FEB8E}.Release|x86.Build.0 = Release|Win32
	EndGlobalSection
	GlobalSection(SolutionProperties) = preSolution
		HideSolutionNode = FALSE
	EndGlobalSection
	GlobalSection(ExtensibilityGlobals) = postSolution
		SolutionGuid = {B58D8E4D-1272-421C-B70A-CB486F20E60F}
	EndGlobalSection
EndGlobal
